
Microsoft Visual Studio Solution File, Format Version 12.00
# Visual Studio Version 17
VisualStudioVersion = 17.3.32825.248
MinimumVisualStudioVersion = 10.0.40219.1
Project("{FAE04EC0-301F-11D3-BF4B-00C04F79EFBC}") = "AdminPanel", "AdminPanel.csproj", "{DEC734AE-E4A3-4E0E-A82F-6140A4B618B9}"
EndProject
Global
	GlobalSection(SolutionConfigurationPlatforms) = preSolution
		Debug|Any CPU = Debug|Any CPU
		Release|Any CPU = Release|Any CPU
	EndGlobalSection
	GlobalSection(ProjectConfigurationPlatforms) = postSolution
		{DEC734AE-E4A3-4E0E-A82F-6140A4B618B9}.Debug|Any CPU.ActiveCfg = Debug|Any CPU
		{DEC734AE-E4A3-4E0E-A82F-6140A4B618B9}.Debug|Any CPU.Build.0 = Debug|Any CPU
		{DEC734AE-E4A3-4E0E-A82F-6140A4B618B9}.Release|Any CPU.ActiveCfg = Release|Any CPU
		{DEC734AE-E4A3-4E0E-A82F-6140A4B618B9}.Release|Any CPU.Build.0 = Release|Any CPU
	EndGlobalSection
	GlobalSection(SolutionProperties) = preSolution
		HideSolutionNode = FALSE
	EndGlobalSection
	GlobalSection(ExtensibilityGlobals) = postSolution
		SolutionGuid = {29C12DFB-E501-4DDF-890F-EBF8B3EE7B0C}
	EndGlobalSection
EndGlobal
